// !$*UTF8*$!
{
	archiveVersion = 1;
	classes = {
	};
	objectVersion = 48;
	objects = {

/* Begin PBXBuildFile section */
		2124AA871F8A842300068410 /* CommodityViewController.swift in Sources */ = {isa = PBXBuildFile; fileRef = 2124AA7E1F8A842200068410 /* CommodityViewController.swift */; };
		2124AA881F8A842300068410 /* LoginViewController.swift in Sources */ = {isa = PBXBuildFile; fileRef = 2124AA7F1F8A842200068410 /* LoginViewController.swift */; };
		2124AA891F8A842300068410 /* FitnessCourseViewController.swift in Sources */ = {isa = PBXBuildFile; fileRef = 2124AA801F8A842200068410 /* FitnessCourseViewController.swift */; };
		2124AA8A1F8A842300068410 /* MainViewController.swift in Sources */ = {isa = PBXBuildFile; fileRef = 2124AA811F8A842200068410 /* MainViewController.swift */; };
		2124AA8B1F8A842300068410 /* BulletinBoardViewController.swift in Sources */ = {isa = PBXBuildFile; fileRef = 2124AA821F8A842200068410 /* BulletinBoardViewController.swift */; };
		2124AA8C1F8A842300068410 /* MemberInfoViewController.swift in Sources */ = {isa = PBXBuildFile; fileRef = 2124AA831F8A842200068410 /* MemberInfoViewController.swift */; };
		2124AA8D1F8A842300068410 /* TrainingManageViewController.swift in Sources */ = {isa = PBXBuildFile; fileRef = 2124AA841F8A842200068410 /* TrainingManageViewController.swift */; };
		2124AA8E1F8A842300068410 /* GymeFitLoginViewController.swift in Sources */ = {isa = PBXBuildFile; fileRef = 2124AA851F8A842200068410 /* GymeFitLoginViewController.swift */; };
		2124AA8F1F8A842300068410 /* MainNavigationViewController.swift in Sources */ = {isa = PBXBuildFile; fileRef = 2124AA861F8A842300068410 /* MainNavigationViewController.swift */; };
		21C0EC591F89E74E007CBF01 /* AppDelegate.swift in Sources */ = {isa = PBXBuildFile; fileRef = 21C0EC581F89E74E007CBF01 /* AppDelegate.swift */; };
		21C0EC5E1F89E74E007CBF01 /* Main.storyboard in Resources */ = {isa = PBXBuildFile; fileRef = 21C0EC5C1F89E74E007CBF01 /* Main.storyboard */; };
		21C0EC601F89E74E007CBF01 /* Assets.xcassets in Resources */ = {isa = PBXBuildFile; fileRef = 21C0EC5F1F89E74E007CBF01 /* Assets.xcassets */; };
		21C0EC631F89E74E007CBF01 /* LaunchScreen.storyboard in Resources */ = {isa = PBXBuildFile; fileRef = 21C0EC611F89E74E007CBF01 /* LaunchScreen.storyboard */; };
		D343D58571755280B64D92C7 /* Pods_GymeFit.framework in Frameworks */ = {isa = PBXBuildFile; fileRef = 613346C03D5F193DBDE37669 /* Pods_GymeFit.framework */; };
/* End PBXBuildFile section */

/* Begin PBXFileReference section */
		2124AA7E1F8A842200068410 /* CommodityViewController.swift */ = {isa = PBXFileReference; fileEncoding = 4; lastKnownFileType = sourcecode.swift; path = CommodityViewController.swift; sourceTree = "<group>"; };
		2124AA7F1F8A842200068410 /* LoginViewController.swift */ = {isa = PBXFileReference; fileEncoding = 4; lastKnownFileType = sourcecode.swift; path = LoginViewController.swift; sourceTree = "<group>"; };
		2124AA801F8A842200068410 /* FitnessCourseViewController.swift */ = {isa = PBXFileReference; fileEncoding = 4; lastKnownFileType = sourcecode.swift; path = FitnessCourseViewController.swift; sourceTree = "<group>"; };
		2124AA811F8A842200068410 /* MainViewController.swift */ = {isa = PBXFileReference; fileEncoding = 4; lastKnownFileType = sourcecode.swift; path = MainViewController.swift; sourceTree = "<group>"; };
		2124AA821F8A842200068410 /* BulletinBoardViewController.swift */ = {isa = PBXFileReference; fileEncoding = 4; lastKnownFileType = sourcecode.swift; path = BulletinBoardViewController.swift; sourceTree = "<group>"; };
		2124AA831F8A842200068410 /* MemberInfoViewController.swift */ = {isa = PBXFileReference; fileEncoding = 4; lastKnownFileType = sourcecode.swift; path = MemberInfoViewController.swift; sourceTree = "<group>"; };
		2124AA841F8A842200068410 /* TrainingManageViewController.swift */ = {isa = PBXFileReference; fileEncoding = 4; lastKnownFileType = sourcecode.swift; path = TrainingManageViewController.swift; sourceTree = "<group>"; };
		2124AA851F8A842200068410 /* GymeFitLoginViewController.swift */ = {isa = PBXFileReference; fileEncoding = 4; lastKnownFileType = sourcecode.swift; path = GymeFitLoginViewController.swift; sourceTree = "<group>"; };
		2124AA861F8A842300068410 /* MainNavigationViewController.swift */ = {isa = PBXFileReference; fileEncoding = 4; lastKnownFileType = sourcecode.swift; path = MainNavigationViewController.swift; sourceTree = "<group>"; };
		21C0EC551F89E74E007CBF01 /* GymeFit.app */ = {isa = PBXFileReference; explicitFileType = wrapper.application; includeInIndex = 0; path = GymeFit.app; sourceTree = BUILT_PRODUCTS_DIR; };
		21C0EC581F89E74E007CBF01 /* AppDelegate.swift */ = {isa = PBXFileReference; lastKnownFileType = sourcecode.swift; path = AppDelegate.swift; sourceTree = "<group>"; };
		21C0EC5D1F89E74E007CBF01 /* Base */ = {isa = PBXFileReference; lastKnownFileType = file.storyboard; name = Base; path = Base.lproj/Main.storyboard; sourceTree = "<group>"; };
		21C0EC5F1F89E74E007CBF01 /* Assets.xcassets */ = {isa = PBXFileReference; lastKnownFileType = folder.assetcatalog; path = Assets.xcassets; sourceTree = "<group>"; };
		21C0EC621F89E74E007CBF01 /* Base */ = {isa = PBXFileReference; lastKnownFileType = file.storyboard; name = Base; path = Base.lproj/LaunchScreen.storyboard; sourceTree = "<group>"; };
		21C0EC641F89E74E007CBF01 /* Info.plist */ = {isa = PBXFileReference; lastKnownFileType = text.plist.xml; path = Info.plist; sourceTree = "<group>"; };
		613346C03D5F193DBDE37669 /* Pods_GymeFit.framework */ = {isa = PBXFileReference; explicitFileType = wrapper.framework; includeInIndex = 0; path = Pods_GymeFit.framework; sourceTree = BUILT_PRODUCTS_DIR; };
		8A259727C435F33B30DA8DF8 /* Pods-GymeFit.debug.xcconfig */ = {isa = PBXFileReference; includeInIndex = 1; lastKnownFileType = text.xcconfig; name = "Pods-GymeFit.debug.xcconfig"; path = "Pods/Target Support Files/Pods-GymeFit/Pods-GymeFit.debug.xcconfig"; sourceTree = "<group>"; };
		BD2B3F9670699FA301A06009 /* Pods-GymeFit.release.xcconfig */ = {isa = PBXFileReference; includeInIndex = 1; lastKnownFileType = text.xcconfig; name = "Pods-GymeFit.release.xcconfig"; path = "Pods/Target Support Files/Pods-GymeFit/Pods-GymeFit.release.xcconfig"; sourceTree = "<group>"; };
/* End PBXFileReference section */

/* Begin PBXFrameworksBuildPhase section */
		21C0EC521F89E74E007CBF01 /* Frameworks */ = {
			isa = PBXFrameworksBuildPhase;
			buildActionMask = 2147483647;
			files = (
				D343D58571755280B64D92C7 /* Pods_GymeFit.framework in Frameworks */,
			);
			runOnlyForDeploymentPostprocessing = 0;
		};
/* End PBXFrameworksBuildPhase section */

/* Begin PBXGroup section */
		21C0EC4C1F89E74E007CBF01 = {
			isa = PBXGroup;
			children = (
				21C0EC571F89E74E007CBF01 /* GymeFit */,
				21C0EC561F89E74E007CBF01 /* Products */,
				EAFB69B02B6B94783C02FA90 /* Pods */,
				81C9F9F00EB0355F7E1930AB /* Frameworks */,
			);
			sourceTree = "<group>";
		};
		21C0EC561F89E74E007CBF01 /* Products */ = {
			isa = PBXGroup;
			children = (
				21C0EC551F89E74E007CBF01 /* GymeFit.app */,
			);
			name = Products;
			sourceTree = "<group>";
		};
		21C0EC571F89E74E007CBF01 /* GymeFit */ = {
			isa = PBXGroup;
			children = (
				2124AA821F8A842200068410 /* BulletinBoardViewController.swift */,
				2124AA7E1F8A842200068410 /* CommodityViewController.swift */,
				2124AA801F8A842200068410 /* FitnessCourseViewController.swift */,
				2124AA851F8A842200068410 /* GymeFitLoginViewController.swift */,
				2124AA7F1F8A842200068410 /* LoginViewController.swift */,
				2124AA861F8A842300068410 /* MainNavigationViewController.swift */,
				2124AA811F8A842200068410 /* MainViewController.swift */,
				2124AA831F8A842200068410 /* MemberInfoViewController.swift */,
				2124AA841F8A842200068410 /* TrainingManageViewController.swift */,
				21C0EC581F89E74E007CBF01 /* AppDelegate.swift */,
				21C0EC5C1F89E74E007CBF01 /* Main.storyboard */,
				21C0EC5F1F89E74E007CBF01 /* Assets.xcassets */,
				21C0EC611F89E74E007CBF01 /* LaunchScreen.storyboard */,
				21C0EC641F89E74E007CBF01 /* Info.plist */,
			);
			path = GymeFit;
			sourceTree = "<group>";
		};
		81C9F9F00EB0355F7E1930AB /* Frameworks */ = {
			isa = PBXGroup;
			children = (
				613346C03D5F193DBDE37669 /* Pods_GymeFit.framework */,
			);
			name = Frameworks;
			sourceTree = "<group>";
		};
		EAFB69B02B6B94783C02FA90 /* Pods */ = {
			isa = PBXGroup;
			children = (
				8A259727C435F33B30DA8DF8 /* Pods-GymeFit.debug.xcconfig */,
				BD2B3F9670699FA301A06009 /* Pods-GymeFit.release.xcconfig */,
			);
			name = Pods;
			sourceTree = "<group>";
		};
/* End PBXGroup section */

/* Begin PBXNativeTarget section */
		21C0EC541F89E74E007CBF01 /* GymeFit */ = {
			isa = PBXNativeTarget;
			buildConfigurationList = 21C0EC671F89E74E007CBF01 /* Build configuration list for PBXNativeTarget "GymeFit" */;
			buildPhases = (
				621ED77566EFC09D47F73154 /* [CP] Check Pods Manifest.lock */,
				21C0EC511F89E74E007CBF01 /* Sources */,
				21C0EC521F89E74E007CBF01 /* Frameworks */,
				21C0EC531F89E74E007CBF01 /* Resources */,
				329E79FA730CD0ED7095DA8F /* [CP] Embed Pods Frameworks */,
				2BC971875EE15159A00B6893 /* [CP] Copy Pods Resources */,
			);
			buildRules = (
			);
			dependencies = (
			);
			name = GymeFit;
			productName = GymeFit;
			productReference = 21C0EC551F89E74E007CBF01 /* GymeFit.app */;
			productType = "com.apple.product-type.application";
		};
/* End PBXNativeTarget section */

/* Begin PBXProject section */
		21C0EC4D1F89E74E007CBF01 /* Project object */ = {
			isa = PBXProject;
			attributes = {
				LastSwiftUpdateCheck = 0900;
				LastUpgradeCheck = 0900;
				ORGANIZATIONNAME = Diedirac;
				TargetAttributes = {
					21C0EC541F89E74E007CBF01 = {
						CreatedOnToolsVersion = 9.0;
						ProvisioningStyle = Automatic;
					};
				};
			};
			buildConfigurationList = 21C0EC501F89E74E007CBF01 /* Build configuration list for PBXProject "GymeFit" */;
			compatibilityVersion = "Xcode 8.0";
			developmentRegion = en;
			hasScannedForEncodings = 0;
			knownRegions = (
				en,
				Base,
			);
			mainGroup = 21C0EC4C1F89E74E007CBF01;
			productRefGroup = 21C0EC561F89E74E007CBF01 /* Products */;
			projectDirPath = "";
			projectRoot = "";
			targets = (
				21C0EC541F89E74E007CBF01 /* GymeFit */,
			);
		};
/* End PBXProject section */

/* Begin PBXResourcesBuildPhase section */
		21C0EC531F89E74E007CBF01 /* Resources */ = {
			isa = PBXResourcesBuildPhase;
			buildActionMask = 2147483647;
			files = (
				21C0EC631F89E74E007CBF01 /* LaunchScreen.storyboard in Resources */,
				21C0EC601F89E74E007CBF01 /* Assets.xcassets in Resources */,
				21C0EC5E1F89E74E007CBF01 /* Main.storyboard in Resources */,
			);
			runOnlyForDeploymentPostprocessing = 0;
		};
/* End PBXResourcesBuildPhase section */

/* Begin PBXShellScriptBuildPhase section */
		2BC971875EE15159A00B6893 /* [CP] Copy Pods Resources */ = {
			isa = PBXShellScriptBuildPhase;
			buildActionMask = 2147483647;
			files = (
			);
			inputPaths = (
				"${SRCROOT}/Pods/Target Support Files/Pods-GymeFit/Pods-GymeFit-resources.sh",
				"${PODS_ROOT}/google-plus-ios/GooglePlus.bundle",
			);
			name = "[CP] Copy Pods Resources";
			outputPaths = (
				"${TARGET_BUILD_DIR}/${UNLOCALIZED_RESOURCES_FOLDER_PATH}",
			);
			runOnlyForDeploymentPostprocessing = 0;
			shellPath = /bin/sh;
			shellScript = "\"${SRCROOT}/Pods/Target Support Files/Pods-GymeFit/Pods-GymeFit-resources.sh\"\n";
			showEnvVarsInLog = 0;
		};
		329E79FA730CD0ED7095DA8F /* [CP] Embed Pods Frameworks */ = {
			isa = PBXShellScriptBuildPhase;
			buildActionMask = 2147483647;
			files = (
			);
			inputPaths = (
				"${SRCROOT}/Pods/Target Support Files/Pods-GymeFit/Pods-GymeFit-frameworks.sh",
				"${BUILT_PRODUCTS_DIR}/Bolts/Bolts.framework",
				"${BUILT_PRODUCTS_DIR}/CVCalendar/CVCalendar.framework",
				"${BUILT_PRODUCTS_DIR}/FBSDKCoreKit/FBSDKCoreKit.framework",
				"${BUILT_PRODUCTS_DIR}/FBSDKLoginKit/FBSDKLoginKit.framework",
				"${BUILT_PRODUCTS_DIR}/FBSDKShareKit/FBSDKShareKit.framework",
				"${BUILT_PRODUCTS_DIR}/FacebookCore/FacebookCore.framework",
				"${BUILT_PRODUCTS_DIR}/FacebookLogin/FacebookLogin.framework",
				"${BUILT_PRODUCTS_DIR}/FacebookShare/FacebookShare.framework",
			);
			name = "[CP] Embed Pods Frameworks";
			outputPaths = (
				"${TARGET_BUILD_DIR}/${FRAMEWORKS_FOLDER_PATH}/Bolts.framework",
				"${TARGET_BUILD_DIR}/${FRAMEWORKS_FOLDER_PATH}/CVCalendar.framework",
				"${TARGET_BUILD_DIR}/${FRAMEWORKS_FOLDER_PATH}/FBSDKCoreKit.framework",
				"${TARGET_BUILD_DIR}/${FRAMEWORKS_FOLDER_PATH}/FBSDKLoginKit.framework",
				"${TARGET_BUILD_DIR}/${FRAMEWORKS_FOLDER_PATH}/FBSDKShareKit.framework",
				"${TARGET_BUILD_DIR}/${FRAMEWORKS_FOLDER_PATH}/FacebookCore.framework",
				"${TARGET_BUILD_DIR}/${FRAMEWORKS_FOLDER_PATH}/FacebookLogin.framework",
				"${TARGET_BUILD_DIR}/${FRAMEWORKS_FOLDER_PATH}/FacebookShare.framework",
			);
			runOnlyForDeploymentPostprocessing = 0;
			shellPath = /bin/sh;
			shellScript = "\"${SRCROOT}/Pods/Target Support Files/Pods-GymeFit/Pods-GymeFit-frameworks.sh\"\n";
			showEnvVarsInLog = 0;
		};
		621ED77566EFC09D47F73154 /* [CP] Check Pods Manifest.lock */ = {
			isa = PBXShellScriptBuildPhase;
			buildActionMask = 2147483647;
			files = (
			);
			inputPaths = (
				"${PODS_PODFILE_DIR_PATH}/Podfile.lock",
				"${PODS_ROOT}/Manifest.lock",
			);
			name = "[CP] Check Pods Manifest.lock";
			outputPaths = (
				"$(DERIVED_FILE_DIR)/Pods-GymeFit-checkManifestLockResult.txt",
			);
			runOnlyForDeploymentPostprocessing = 0;
			shellPath = /bin/sh;
			shellScript = "diff \"${PODS_PODFILE_DIR_PATH}/Podfile.lock\" \"${PODS_ROOT}/Manifest.lock\" > /dev/null\nif [ $? != 0 ] ; then\n    # print error to STDERR\n    echo \"error: The sandbox is not in sync with the Podfile.lock. Run 'pod install' or update your CocoaPods installation.\" >&2\n    exit 1\nfi\n# This output is used by Xcode 'outputs' to avoid re-running this script phase.\necho \"SUCCESS\" > \"${SCRIPT_OUTPUT_FILE_0}\"\n";
			showEnvVarsInLog = 0;
		};
/* End PBXShellScriptBuildPhase section */

/* Begin PBXSourcesBuildPhase section */
		21C0EC511F89E74E007CBF01 /* Sources */ = {
			isa = PBXSourcesBuildPhase;
			buildActionMask = 2147483647;
			files = (
				2124AA8E1F8A842300068410 /* GymeFitLoginViewController.swift in Sources */,
				2124AA8B1F8A842300068410 /* BulletinBoardViewController.swift in Sources */,
				2124AA8C1F8A842300068410 /* MemberInfoViewController.swift in Sources */,
				2124AA891F8A842300068410 /* FitnessCourseViewController.swift in Sources */,
				2124AA881F8A842300068410 /* LoginViewController.swift in Sources */,
				2124AA8F1F8A842300068410 /* MainNavigationViewController.swift in Sources */,
				2124AA871F8A842300068410 /* CommodityViewController.swift in Sources */,
				2124AA8D1F8A842300068410 /* TrainingManageViewController.swift in Sources */,
				21C0EC591F89E74E007CBF01 /* AppDelegate.swift in Sources */,
				2124AA8A1F8A842300068410 /* MainViewController.swift in Sources */,
			);
			runOnlyForDeploymentPostprocessing = 0;
		};
/* End PBXSourcesBuildPhase section */

/* Begin PBXVariantGroup section */
		21C0EC5C1F89E74E007CBF01 /* Main.storyboard */ = {
			isa = PBXVariantGroup;
			children = (
				21C0EC5D1F89E74E007CBF01 /* Base */,
			);
			name = Main.storyboard;
			sourceTree = "<group>";
		};
		21C0EC611F89E74E007CBF01 /* LaunchScreen.storyboard */ = {
			isa = PBXVariantGroup;
			children = (
				21C0EC621F89E74E007CBF01 /* Base */,
			);
			name = LaunchScreen.storyboard;
			sourceTree = "<group>";
		};
/* End PBXVariantGroup section */

/* Begin XCBuildConfiguration section */
		21C0EC651F89E74E007CBF01 /* Debug */ = {
			isa = XCBuildConfiguration;
			buildSettings = {
				ALWAYS_SEARCH_USER_PATHS = NO;
				CLANG_ANALYZER_NONNULL = YES;
				CLANG_ANALYZER_NUMBER_OBJECT_CONVERSION = YES_AGGRESSIVE;
				CLANG_CXX_LANGUAGE_STANDARD = "gnu++14";
				CLANG_CXX_LIBRARY = "libc++";
				CLANG_ENABLE_MODULES = YES;
				CLANG_ENABLE_OBJC_ARC = YES;
				CLANG_WARN_BLOCK_CAPTURE_AUTORELEASING = YES;
				CLANG_WARN_BOOL_CONVERSION = YES;
				CLANG_WARN_COMMA = YES;
				CLANG_WARN_CONSTANT_CONVERSION = YES;
				CLANG_WARN_DIRECT_OBJC_ISA_USAGE = YES_ERROR;
				CLANG_WARN_DOCUMENTATION_COMMENTS = YES;
				CLANG_WARN_EMPTY_BODY = YES;
				CLANG_WARN_ENUM_CONVERSION = YES;
				CLANG_WARN_INFINITE_RECURSION = YES;
				CLANG_WARN_INT_CONVERSION = YES;
				CLANG_WARN_NON_LITERAL_NULL_CONVERSION = YES;
				CLANG_WARN_OBJC_LITERAL_CONVERSION = YES;
				CLANG_WARN_OBJC_ROOT_CLASS = YES_ERROR;
				CLANG_WARN_RANGE_LOOP_ANALYSIS = YES;
				CLANG_WARN_STRICT_PROTOTYPES = YES;
				CLANG_WARN_SUSPICIOUS_MOVE = YES;
				CLANG_WARN_UNGUARDED_AVAILABILITY = YES_AGGRESSIVE;
				CLANG_WARN_UNREACHABLE_CODE = YES;
				CLANG_WARN__DUPLICATE_METHOD_MATCH = YES;
				CODE_SIGN_IDENTITY = "iPhone Developer";
				COPY_PHASE_STRIP = NO;
				DEBUG_INFORMATION_FORMAT = dwarf;
				ENABLE_STRICT_OBJC_MSGSEND = YES;
				ENABLE_TESTABILITY = YES;
				GCC_C_LANGUAGE_STANDARD = gnu11;
				GCC_DYNAMIC_NO_PIC = NO;
				GCC_NO_COMMON_BLOCKS = YES;
				GCC_OPTIMIZATION_LEVEL = 0;
				GCC_PREPROCESSOR_DEFINITIONS = (
					"DEBUG=1",
					"$(inherited)",
				);
				GCC_WARN_64_TO_32_BIT_CONVERSION = YES;
				GCC_WARN_ABOUT_RETURN_TYPE = YES_ERROR;
				GCC_WARN_UNDECLARED_SELECTOR = YES;
				GCC_WARN_UNINITIALIZED_AUTOS = YES_AGGRESSIVE;
				GCC_WARN_UNUSED_FUNCTION = YES;
				GCC_WARN_UNUSED_VARIABLE = YES;
				IPHONEOS_DEPLOYMENT_TARGET = 11.0;
				MTL_ENABLE_DEBUG_INFO = YES;
				ONLY_ACTIVE_ARCH = YES;
				SDKROOT = iphoneos;
				SWIFT_ACTIVE_COMPILATION_CONDITIONS = DEBUG;
				SWIFT_OPTIMIZATION_LEVEL = "-Onone";
			};
			name = Debug;
		};
		21C0EC661F89E74E007CBF01 /* Release */ = {
			isa = XCBuildConfiguration;
			buildSettings = {
				ALWAYS_SEARCH_USER_PATHS = NO;
				CLANG_ANALYZER_NONNULL = YES;
				CLANG_ANALYZER_NUMBER_OBJECT_CONVERSION = YES_AGGRESSIVE;
				CLANG_CXX_LANGUAGE_STANDARD = "gnu++14";
				CLANG_CXX_LIBRARY = "libc++";
				CLANG_ENABLE_MODULES = YES;
				CLANG_ENABLE_OBJC_ARC = YES;
				CLANG_WARN_BLOCK_CAPTURE_AUTORELEASING = YES;
				CLANG_WARN_BOOL_CONVERSION = YES;
				CLANG_WARN_COMMA = YES;
				CLANG_WARN_CONSTANT_CONVERSION = YES;
				CLANG_WARN_DIRECT_OBJC_ISA_USAGE = YES_ERROR;
				CLANG_WARN_DOCUMENTATION_COMMENTS = YES;
				CLANG_WARN_EMPTY_BODY = YES;
				CLANG_WARN_ENUM_CONVERSION = YES;
				CLANG_WARN_INFINITE_RECURSION = YES;
				CLANG_WARN_INT_CONVERSION = YES;
				CLANG_WARN_NON_LITERAL_NULL_CONVERSION = YES;
				CLANG_WARN_OBJC_LITERAL_CONVERSION = YES;
				CLANG_WARN_OBJC_ROOT_CLASS = YES_ERROR;
				CLANG_WARN_RANGE_LOOP_ANALYSIS = YES;
				CLANG_WARN_STRICT_PROTOTYPES = YES;
				CLANG_WARN_SUSPICIOUS_MOVE = YES;
				CLANG_WARN_UNGUARDED_AVAILABILITY = YES_AGGRESSIVE;
				CLANG_WARN_UNREACHABLE_CODE = YES;
				CLANG_WARN__DUPLICATE_METHOD_MATCH = YES;
				CODE_SIGN_IDENTITY = "iPhone Developer";
				COPY_PHASE_STRIP = NO;
				DEBUG_INFORMATION_FORMAT = "dwarf-with-dsym";
				ENABLE_NS_ASSERTIONS = NO;
				ENABLE_STRICT_OBJC_MSGSEND = YES;
				GCC_C_LANGUAGE_STANDARD = gnu11;
				GCC_NO_COMMON_BLOCKS = YES;
				GCC_WARN_64_TO_32_BIT_CONVERSION = YES;
				GCC_WARN_ABOUT_RETURN_TYPE = YES_ERROR;
				GCC_WARN_UNDECLARED_SELECTOR = YES;
				GCC_WARN_UNINITIALIZED_AUTOS = YES_AGGRESSIVE;
				GCC_WARN_UNUSED_FUNCTION = YES;
				GCC_WARN_UNUSED_VARIABLE = YES;
				IPHONEOS_DEPLOYMENT_TARGET = 11.0;
				MTL_ENABLE_DEBUG_INFO = NO;
				SDKROOT = iphoneos;
				SWIFT_OPTIMIZATION_LEVEL = "-Owholemodule";
				VALIDATE_PRODUCT = YES;
			};
			name = Release;
		};
		21C0EC681F89E74E007CBF01 /* Debug */ = {
			isa = XCBuildConfiguration;
			baseConfigurationReference = 8A259727C435F33B30DA8DF8 /* Pods-GymeFit.debug.xcconfig */;
			buildSettings = {
				ASSETCATALOG_COMPILER_APPICON_NAME = AppIcon;
				CODE_SIGN_STYLE = Automatic;
				DEVELOPMENT_TEAM = 543KWJF8AJ;
				INFOPLIST_FILE = GymeFit/Info.plist;
				LD_RUNPATH_SEARCH_PATHS = "$(inherited) @executable_path/Frameworks";
				PRODUCT_BUNDLE_IDENTIFIER = CYF.GymeFit;
				PRODUCT_NAME = "$(TARGET_NAME)";
				SWIFT_VERSION = 4.0;
				TARGETED_DEVICE_FAMILY = "1,2";
			};
			name = Debug;
		};
		21C0EC691F89E74E007CBF01 /* Release */ = {
			isa = XCBuildConfiguration;
			baseConfigurationReference = BD2B3F9670699FA301A06009 /* Pods-GymeFit.release.xcconfig */;
			buildSettings = {
				ASSETCATALOG_COMPILER_APPICON_NAME = AppIcon;
				CODE_SIGN_STYLE = Automatic;
				DEVELOPMENT_TEAM = 543KWJF8AJ;
				INFOPLIST_FILE = GymeFit/Info.plist;
				LD_RUNPATH_SEARCH_PATHS = "$(inherited) @executable_path/Frameworks";
				PRODUCT_BUNDLE_IDENTIFIER = CYF.GymeFit;
				PRODUCT_NAME = "$(TARGET_NAME)";
				SWIFT_VERSION = 4.0;
				TARGETED_DEVICE_FAMILY = "1,2";
			};
			name = Release;
		};
/* End XCBuildConfiguration section */

/* Begin XCConfigurationList section */
		21C0EC501F89E74E007CBF01 /* Build configuration list for PBXProject "GymeFit" */ = {
			isa = XCConfigurationList;
			buildConfigurations = (
				21C0EC651F89E74E007CBF01 /* Debug */,
				21C0EC661F89E74E007CBF01 /* Release */,
			);
			defaultConfigurationIsVisible = 0;
			defaultConfigurationName = Release;
		};
		21C0EC671F89E74E007CBF01 /* Build configuration list for PBXNativeTarget "GymeFit" */ = {
			isa = XCConfigurationList;
			buildConfigurations = (
				21C0EC681F89E74E007CBF01 /* Debug */,
				21C0EC691F89E74E007CBF01 /* Release */,
			);
			defaultConfigurationIsVisible = 0;
			defaultConfigurationName = Release;
		};
/* End XCConfigurationList section */
	};
	rootObject = 21C0EC4D1F89E74E007CBF01 /* Project object */;
}
